
Microsoft Visual Studio Solution File, Format Version 12.00
Project("{FAE04EC0-301F-11D3-BF4B-00C04F79EFBC}") = "Saspect", "Saspect\Saspect.csproj", "{2CF44099-1383-4C51-A6BE-1272AC5A0BD4}"
EndProject
Project("{FAE04EC0-301F-11D3-BF4B-00C04F79EFBC}") = "Saspect.Autofac", "Saspect.Autofac\Saspect.Autofac.csproj", "{4CAC958E-4A05-4179-8733-907D7E99A5BB}"
EndProject
Project("{FAE04EC0-301F-11D3-BF4B-00C04F79EFBC}") = "Saspect.Test", "Saspect.Test\Saspect.Test.csproj", "{F31E1BF9-67DB-4D79-B771-799892353756}"
EndProject
Project("{2150E333-8FDC-42A3-9474-1A3956D46DE8}") = "files", "files", "{FF02DABB-5A0F-4214-BD89-7025A056A345}"
	ProjectSection(SolutionItems) = preProject
		.github\workflows\dotnet.yml = .github\workflows\dotnet.yml
		LICENSE = LICENSE
		README.md = README.md
	EndProjectSection
EndProject
Global
	GlobalSection(SolutionConfigurationPlatforms) = preSolution
		Debug|Any CPU = Debug|Any CPU
		Release|Any CPU = Release|Any CPU
	EndGlobalSection
	GlobalSection(ProjectConfigurationPlatforms) = postSolution
		{2CF44099-1383-4C51-A6BE-1272AC5A0BD4}.Debug|Any CPU.ActiveCfg = Debug|Any CPU
		{2CF44099-1383-4C51-A6BE-1272AC5A0BD4}.Debug|Any CPU.Build.0 = Debug|Any CPU
		{2CF44099-1383-4C51-A6BE-1272AC5A0BD4}.Release|Any CPU.ActiveCfg = Release|Any CPU
		{2CF44099-1383-4C51-A6BE-1272AC5A0BD4}.Release|Any CPU.Build.0 = Release|Any CPU
		{4CAC958E-4A05-4179-8733-907D7E99A5BB}.Debug|Any CPU.ActiveCfg = Debug|Any CPU
		{4CAC958E-4A05-4179-8733-907D7E99A5BB}.Debug|Any CPU.Build.0 = Debug|Any CPU
		{4CAC958E-4A05-4179-8733-907D7E99A5BB}.Release|Any CPU.ActiveCfg = Release|Any CPU
		{4CAC958E-4A05-4179-8733-907D7E99A5BB}.Release|Any CPU.Build.0 = Release|Any CPU
		{F31E1BF9-67DB-4D79-B771-799892353756}.Debug|Any CPU.ActiveCfg = Debug|Any CPU
		{F31E1BF9-67DB-4D79-B771-799892353756}.Debug|Any CPU.Build.0 = Debug|Any CPU
		{F31E1BF9-67DB-4D79-B771-799892353756}.Release|Any CPU.ActiveCfg = Release|Any CPU
		{F31E1BF9-67DB-4D79-B771-799892353756}.Release|Any CPU.Build.0 = Release|Any CPU
	EndGlobalSection
EndGlobal
