<Solution>
  <Folder Name="/files/">
    <File Path=".github/workflows/dotnet.yml" />
    <File Path="LICENSE" />
    <File Path="README.md" />
  </Folder>
  <Project Path="Saspect.Autofac/Saspect.Autofac.csproj" />
  <Project Path="Saspect.Test/Saspect.Test.csproj" />
  <Project Path="Saspect/Saspect.csproj" />
</Solution>
